// !$*UTF8*$!
{
	archiveVersion = 1;
	classes = {
	};
	objectVersion = 50;
	objects = {

/* Begin PBXBuildFile section */
		11A9CD622459C4C100822414 /* AppDelegate.swift in Sources */ = {isa = PBXBuildFile; fileRef = 11A9CD612459C4C100822414 /* AppDelegate.swift */; };
		11A9CD642459C4C100822414 /* SceneDelegate.swift in Sources */ = {isa = PBXBuildFile; fileRef = 11A9CD632459C4C100822414 /* SceneDelegate.swift */; };
		11A9CD662459C4C100822414 /* BirdCounterController.swift in Sources */ = {isa = PBXBuildFile; fileRef = 11A9CD652459C4C100822414 /* BirdCounterController.swift */; };
		11A9CD692459C4C100822414 /* Main.storyboard in Resources */ = {isa = PBXBuildFile; fileRef = 11A9CD672459C4C100822414 /* Main.storyboard */; };
		11A9CD6B2459C4C200822414 /* Assets.xcassets in Resources */ = {isa = PBXBuildFile; fileRef = 11A9CD6A2459C4C200822414 /* Assets.xcassets */; };
		11A9CD6E2459C4C200822414 /* LaunchScreen.storyboard in Resources */ = {isa = PBXBuildFile; fileRef = 11A9CD6C2459C4C200822414 /* LaunchScreen.storyboard */; };
		11A9CD782459C54600822414 /* BirdCounterViewModel.swift in Sources */ = {isa = PBXBuildFile; fileRef = 11A9CD772459C54600822414 /* BirdCounterViewModel.swift */; };
		11A9CD7B2459D37100822414 /* SharedPreferences.swift in Sources */ = {isa = PBXBuildFile; fileRef = 11A9CD7A2459D37100822414 /* SharedPreferences.swift */; };
		11A9CD7E2459D64300822414 /* Helper.swift in Sources */ = {isa = PBXBuildFile; fileRef = 11A9CD7D2459D64300822414 /* Helper.swift */; };
/* End PBXBuildFile section */

/* Begin PBXFileReference section */
		11A9CD5E2459C4C100822414 /* BirdCounter.app */ = {isa = PBXFileReference; explicitFileType = wrapper.application; includeInIndex = 0; path = BirdCounter.app; sourceTree = BUILT_PRODUCTS_DIR; };
		11A9CD612459C4C100822414 /* AppDelegate.swift */ = {isa = PBXFileReference; lastKnownFileType = sourcecode.swift; path = AppDelegate.swift; sourceTree = "<group>"; };
		11A9CD632459C4C100822414 /* SceneDelegate.swift */ = {isa = PBXFileReference; lastKnownFileType = sourcecode.swift; path = SceneDelegate.swift; sourceTree = "<group>"; };
		11A9CD652459C4C100822414 /* BirdCounterController.swift */ = {isa = PBXFileReference; lastKnownFileType = sourcecode.swift; path = BirdCounterController.swift; sourceTree = "<group>"; };
		11A9CD682459C4C100822414 /* Base */ = {isa = PBXFileReference; lastKnownFileType = file.storyboard; name = Base; path = Base.lproj/Main.storyboard; sourceTree = "<group>"; };
		11A9CD6A2459C4C200822414 /* Assets.xcassets */ = {isa = PBXFileReference; lastKnownFileType = folder.assetcatalog; path = Assets.xcassets; sourceTree = "<group>"; };
		11A9CD6D2459C4C200822414 /* Base */ = {isa = PBXFileReference; lastKnownFileType = file.storyboard; name = Base; path = Base.lproj/LaunchScreen.storyboard; sourceTree = "<group>"; };
		11A9CD6F2459C4C200822414 /* Info.plist */ = {isa = PBXFileReference; lastKnownFileType = text.plist.xml; path = Info.plist; sourceTree = "<group>"; };
		11A9CD772459C54600822414 /* BirdCounterViewModel.swift */ = {isa = PBXFileReference; lastKnownFileType = sourcecode.swift; path = BirdCounterViewModel.swift; sourceTree = "<group>"; };
		11A9CD7A2459D37100822414 /* SharedPreferences.swift */ = {isa = PBXFileReference; lastKnownFileType = sourcecode.swift; path = SharedPreferences.swift; sourceTree = "<group>"; };
		11A9CD7D2459D64300822414 /* Helper.swift */ = {isa = PBXFileReference; lastKnownFileType = sourcecode.swift; path = Helper.swift; sourceTree = "<group>"; };
/* End PBXFileReference section */

/* Begin PBXFrameworksBuildPhase section */
		11A9CD5B2459C4C000822414 /* Frameworks */ = {
			isa = PBXFrameworksBuildPhase;
			buildActionMask = 2147483647;
			files = (
			);
			runOnlyForDeploymentPostprocessing = 0;
		};
/* End PBXFrameworksBuildPhase section */

/* Begin PBXGroup section */
		11A9CD552459C4C000822414 = {
			isa = PBXGroup;
			children = (
				11A9CD602459C4C100822414 /* BirdCounter */,
				11A9CD5F2459C4C100822414 /* Products */,
			);
			sourceTree = "<group>";
		};
		11A9CD5F2459C4C100822414 /* Products */ = {
			isa = PBXGroup;
			children = (
				11A9CD5E2459C4C100822414 /* BirdCounter.app */,
			);
			name = Products;
			sourceTree = "<group>";
		};
		11A9CD602459C4C100822414 /* BirdCounter */ = {
			isa = PBXGroup;
			children = (
				11A9CD7C2459D62D00822414 /* Utilities */,
				11A9CD792459D35900822414 /* Shared Preferences */,
				11A9CD762459C51200822414 /* View Model */,
				11A9CD752459C50C00822414 /* Controller */,
				11A9CD612459C4C100822414 /* AppDelegate.swift */,
				11A9CD632459C4C100822414 /* SceneDelegate.swift */,
				11A9CD672459C4C100822414 /* Main.storyboard */,
				11A9CD6A2459C4C200822414 /* Assets.xcassets */,
				11A9CD6C2459C4C200822414 /* LaunchScreen.storyboard */,
				11A9CD6F2459C4C200822414 /* Info.plist */,
			);
			path = BirdCounter;
			sourceTree = "<group>";
		};
		11A9CD752459C50C00822414 /* Controller */ = {
			isa = PBXGroup;
			children = (
				11A9CD652459C4C100822414 /* BirdCounterController.swift */,
			);
			path = Controller;
			sourceTree = "<group>";
		};
		11A9CD762459C51200822414 /* View Model */ = {
			isa = PBXGroup;
			children = (
				11A9CD772459C54600822414 /* BirdCounterViewModel.swift */,
			);
			path = "View Model";
			sourceTree = "<group>";
		};
		11A9CD792459D35900822414 /* Shared Preferences */ = {
			isa = PBXGroup;
			children = (
				11A9CD7A2459D37100822414 /* SharedPreferences.swift */,
			);
			path = "Shared Preferences";
			sourceTree = "<group>";
		};
		11A9CD7C2459D62D00822414 /* Utilities */ = {
			isa = PBXGroup;
			children = (
				11A9CD7D2459D64300822414 /* Helper.swift */,
			);
			path = Utilities;
			sourceTree = "<group>";
		};
/* End PBXGroup section */

/* Begin PBXNativeTarget section */
		11A9CD5D2459C4C000822414 /* BirdCounter */ = {
			isa = PBXNativeTarget;
			buildConfigurationList = 11A9CD722459C4C200822414 /* Build configuration list for PBXNativeTarget "BirdCounter" */;
			buildPhases = (
				11A9CD5A2459C4C000822414 /* Sources */,
				11A9CD5B2459C4C000822414 /* Frameworks */,
				11A9CD5C2459C4C000822414 /* Resources */,
			);
			buildRules = (
			);
			dependencies = (
			);
			name = BirdCounter;
			productName = BirdCounter;
			productReference = 11A9CD5E2459C4C100822414 /* BirdCounter.app */;
			productType = "com.apple.product-type.application";
		};
/* End PBXNativeTarget section */

/* Begin PBXProject section */
		11A9CD562459C4C000822414 /* Project object */ = {
			isa = PBXProject;
			attributes = {
				LastSwiftUpdateCheck = 1130;
				LastUpgradeCheck = 1130;
				ORGANIZATIONNAME = "Zvonimir Pavlović";
				TargetAttributes = {
					11A9CD5D2459C4C000822414 = {
						CreatedOnToolsVersion = 11.3.1;
					};
				};
			};
			buildConfigurationList = 11A9CD592459C4C000822414 /* Build configuration list for PBXProject "BirdCounter" */;
			compatibilityVersion = "Xcode 9.3";
			developmentRegion = en;
			hasScannedForEncodings = 0;
			knownRegions = (
				en,
				Base,
			);
			mainGroup = 11A9CD552459C4C000822414;
			productRefGroup = 11A9CD5F2459C4C100822414 /* Products */;
			projectDirPath = "";
			projectRoot = "";
			targets = (
				11A9CD5D2459C4C000822414 /* BirdCounter */,
			);
		};
/* End PBXProject section */

/* Begin PBXResourcesBuildPhase section */
		11A9CD5C2459C4C000822414 /* Resources */ = {
			isa = PBXResourcesBuildPhase;
			buildActionMask = 2147483647;
			files = (
				11A9CD6E2459C4C200822414 /* LaunchScreen.storyboard in Resources */,
				11A9CD6B2459C4C200822414 /* Assets.xcassets in Resources */,
				11A9CD692459C4C100822414 /* Main.storyboard in Resources */,
			);
			runOnlyForDeploymentPostprocessing = 0;
		};
/* End PBXResourcesBuildPhase section */

/* Begin PBXSourcesBuildPhase section */
		11A9CD5A2459C4C000822414 /* Sources */ = {
			isa = PBXSourcesBuildPhase;
			buildActionMask = 2147483647;
			files = (
				11A9CD662459C4C100822414 /* BirdCounterController.swift in Sources */,
				11A9CD7B2459D37100822414 /* SharedPreferences.swift in Sources */,
				11A9CD622459C4C100822414 /* AppDelegate.swift in Sources */,
				11A9CD782459C54600822414 /* BirdCounterViewModel.swift in Sources */,
				11A9CD642459C4C100822414 /* SceneDelegate.swift in Sources */,
				11A9CD7E2459D64300822414 /* Helper.swift in Sources */,
			);
			runOnlyForDeploymentPostprocessing = 0;
		};
/* End PBXSourcesBuildPhase section */

/* Begin PBXVariantGroup section */
		11A9CD672459C4C100822414 /* Main.storyboard */ = {
			isa = PBXVariantGroup;
			children = (
				11A9CD682459C4C100822414 /* Base */,
			);
			name = Main.storyboard;
			sourceTree = "<group>";
		};
		11A9CD6C2459C4C200822414 /* LaunchScreen.storyboard */ = {
			isa = PBXVariantGroup;
			children = (
				11A9CD6D2459C4C200822414 /* Base */,
			);
			name = LaunchScreen.storyboard;
			sourceTree = "<group>";
		};
/* End PBXVariantGroup section */

/* Begin XCBuildConfiguration section */
		11A9CD702459C4C200822414 /* Debug */ = {
			isa = XCBuildConfiguration;
			buildSettings = {
				ALWAYS_SEARCH_USER_PATHS = NO;
				CLANG_ANALYZER_NONNULL = YES;
				CLANG_ANALYZER_NUMBER_OBJECT_CONVERSION = YES_AGGRESSIVE;
				CLANG_CXX_LANGUAGE_STANDARD = "gnu++14";
				CLANG_CXX_LIBRARY = "libc++";
				CLANG_ENABLE_MODULES = YES;
				CLANG_ENABLE_OBJC_ARC = YES;
				CLANG_ENABLE_OBJC_WEAK = YES;
				CLANG_WARN_BLOCK_CAPTURE_AUTORELEASING = YES;
				CLANG_WARN_BOOL_CONVERSION = YES;
				CLANG_WARN_COMMA = YES;
				CLANG_WARN_CONSTANT_CONVERSION = YES;
				CLANG_WARN_DEPRECATED_OBJC_IMPLEMENTATIONS = YES;
				CLANG_WARN_DIRECT_OBJC_ISA_USAGE = YES_ERROR;
				CLANG_WARN_DOCUMENTATION_COMMENTS = YES;
				CLANG_WARN_EMPTY_BODY = YES;
				CLANG_WARN_ENUM_CONVERSION = YES;
				CLANG_WARN_INFINITE_RECURSION = YES;
				CLANG_WARN_INT_CONVERSION = YES;
				CLANG_WARN_NON_LITERAL_NULL_CONVERSION = YES;
				CLANG_WARN_OBJC_IMPLICIT_RETAIN_SELF = YES;
				CLANG_WARN_OBJC_LITERAL_CONVERSION = YES;
				CLANG_WARN_OBJC_ROOT_CLASS = YES_ERROR;
				CLANG_WARN_RANGE_LOOP_ANALYSIS = YES;
				CLANG_WARN_STRICT_PROTOTYPES = YES;
				CLANG_WARN_SUSPICIOUS_MOVE = YES;
				CLANG_WARN_UNGUARDED_AVAILABILITY = YES_AGGRESSIVE;
				CLANG_WARN_UNREACHABLE_CODE = YES;
				CLANG_WARN__DUPLICATE_METHOD_MATCH = YES;
				COPY_PHASE_STRIP = NO;
				DEBUG_INFORMATION_FORMAT = dwarf;
				ENABLE_STRICT_OBJC_MSGSEND = YES;
				ENABLE_TESTABILITY = YES;
				GCC_C_LANGUAGE_STANDARD = gnu11;
				GCC_DYNAMIC_NO_PIC = NO;
				GCC_NO_COMMON_BLOCKS = YES;
				GCC_OPTIMIZATION_LEVEL = 0;
				GCC_PREPROCESSOR_DEFINITIONS = (
					"DEBUG=1",
					"$(inherited)",
				);
				GCC_WARN_64_TO_32_BIT_CONVERSION = YES;
				GCC_WARN_ABOUT_RETURN_TYPE = YES_ERROR;
				GCC_WARN_UNDECLARED_SELECTOR = YES;
				GCC_WARN_UNINITIALIZED_AUTOS = YES_AGGRESSIVE;
				GCC_WARN_UNUSED_FUNCTION = YES;
				GCC_WARN_UNUSED_VARIABLE = YES;
				IPHONEOS_DEPLOYMENT_TARGET = 13.2;
				MTL_ENABLE_DEBUG_INFO = INCLUDE_SOURCE;
				MTL_FAST_MATH = YES;
				ONLY_ACTIVE_ARCH = YES;
				SDKROOT = iphoneos;
				SWIFT_ACTIVE_COMPILATION_CONDITIONS = DEBUG;
				SWIFT_OPTIMIZATION_LEVEL = "-Onone";
			};
			name = Debug;
		};
		11A9CD712459C4C200822414 /* Release */ = {
			isa = XCBuildConfiguration;
			buildSettings = {
				ALWAYS_SEARCH_USER_PATHS = NO;
				CLANG_ANALYZER_NONNULL = YES;
				CLANG_ANALYZER_NUMBER_OBJECT_CONVERSION = YES_AGGRESSIVE;
				CLANG_CXX_LANGUAGE_STANDARD = "gnu++14";
				CLANG_CXX_LIBRARY = "libc++";
				CLANG_ENABLE_MODULES = YES;
				CLANG_ENABLE_OBJC_ARC = YES;
				CLANG_ENABLE_OBJC_WEAK = YES;
				CLANG_WARN_BLOCK_CAPTURE_AUTORELEASING = YES;
				CLANG_WARN_BOOL_CONVERSION = YES;
				CLANG_WARN_COMMA = YES;
				CLANG_WARN_CONSTANT_CONVERSION = YES;
				CLANG_WARN_DEPRECATED_OBJC_IMPLEMENTATIONS = YES;
				CLANG_WARN_DIRECT_OBJC_ISA_USAGE = YES_ERROR;
				CLANG_WARN_DOCUMENTATION_COMMENTS = YES;
				CLANG_WARN_EMPTY_BODY = YES;
				CLANG_WARN_ENUM_CONVERSION = YES;
				CLANG_WARN_INFINITE_RECURSION = YES;
				CLANG_WARN_INT_CONVERSION = YES;
				CLANG_WARN_NON_LITERAL_NULL_CONVERSION = YES;
				CLANG_WARN_OBJC_IMPLICIT_RETAIN_SELF = YES;
				CLANG_WARN_OBJC_LITERAL_CONVERSION = YES;
				CLANG_WARN_OBJC_ROOT_CLASS = YES_ERROR;
				CLANG_WARN_RANGE_LOOP_ANALYSIS = YES;
				CLANG_WARN_STRICT_PROTOTYPES = YES;
				CLANG_WARN_SUSPICIOUS_MOVE = YES;
				CLANG_WARN_UNGUARDED_AVAILABILITY = YES_AGGRESSIVE;
				CLANG_WARN_UNREACHABLE_CODE = YES;
				CLANG_WARN__DUPLICATE_METHOD_MATCH = YES;
				COPY_PHASE_STRIP = NO;
				DEBUG_INFORMATION_FORMAT = "dwarf-with-dsym";
				ENABLE_NS_ASSERTIONS = NO;
				ENABLE_STRICT_OBJC_MSGSEND = YES;
				GCC_C_LANGUAGE_STANDARD = gnu11;
				GCC_NO_COMMON_BLOCKS = YES;
				GCC_WARN_64_TO_32_BIT_CONVERSION = YES;
				GCC_WARN_ABOUT_RETURN_TYPE = YES_ERROR;
				GCC_WARN_UNDECLARED_SELECTOR = YES;
				GCC_WARN_UNINITIALIZED_AUTOS = YES_AGGRESSIVE;
				GCC_WARN_UNUSED_FUNCTION = YES;
				GCC_WARN_UNUSED_VARIABLE = YES;
				IPHONEOS_DEPLOYMENT_TARGET = 13.2;
				MTL_ENABLE_DEBUG_INFO = NO;
				MTL_FAST_MATH = YES;
				SDKROOT = iphoneos;
				SWIFT_COMPILATION_MODE = wholemodule;
				SWIFT_OPTIMIZATION_LEVEL = "-O";
				VALIDATE_PRODUCT = YES;
			};
			name = Release;
		};
		11A9CD732459C4C200822414 /* Debug */ = {
			isa = XCBuildConfiguration;
			buildSettings = {
				ASSETCATALOG_COMPILER_APPICON_NAME = AppIcon;
				CODE_SIGN_STYLE = Automatic;
				INFOPLIST_FILE = BirdCounter/Info.plist;
				LD_RUNPATH_SEARCH_PATHS = (
					"$(inherited)",
					"@executable_path/Frameworks",
				);
				PRODUCT_BUNDLE_IDENTIFIER = zvonimirpavlovic.BirdCounter;
				PRODUCT_NAME = "$(TARGET_NAME)";
				SWIFT_VERSION = 5.0;
				TARGETED_DEVICE_FAMILY = "1,2";
			};
			name = Debug;
		};
		11A9CD742459C4C200822414 /* Release */ = {
			isa = XCBuildConfiguration;
			buildSettings = {
				ASSETCATALOG_COMPILER_APPICON_NAME = AppIcon;
				CODE_SIGN_STYLE = Automatic;
				INFOPLIST_FILE = BirdCounter/Info.plist;
				LD_RUNPATH_SEARCH_PATHS = (
					"$(inherited)",
					"@executable_path/Frameworks",
				);
				PRODUCT_BUNDLE_IDENTIFIER = zvonimirpavlovic.BirdCounter;
				PRODUCT_NAME = "$(TARGET_NAME)";
				SWIFT_VERSION = 5.0;
				TARGETED_DEVICE_FAMILY = "1,2";
			};
			name = Release;
		};
/* End XCBuildConfiguration section */

/* Begin XCConfigurationList section */
		11A9CD592459C4C000822414 /* Build configuration list for PBXProject "BirdCounter" */ = {
			isa = XCConfigurationList;
			buildConfigurations = (
				11A9CD702459C4C200822414 /* Debug */,
				11A9CD712459C4C200822414 /* Release */,
			);
			defaultConfigurationIsVisible = 0;
			defaultConfigurationName = Release;
		};
		11A9CD722459C4C200822414 /* Build configuration list for PBXNativeTarget "BirdCounter" */ = {
			isa = XCConfigurationList;
			buildConfigurations = (
				11A9CD732459C4C200822414 /* Debug */,
				11A9CD742459C4C200822414 /* Release */,
			);
			defaultConfigurationIsVisible = 0;
			defaultConfigurationName = Release;
		};
/* End XCConfigurationList section */
	};
	rootObject = 11A9CD562459C4C000822414 /* Project object */;
}
